
Microsoft Visual Studio Solution File, Format Version 12.00
Project("{FAE04EC0-301F-11D3-BF4B-00C04F79EFBC}") = "C_Flat", "C_Flat.csproj", "{4C0862E5-8B58-4096-8CF5-F961740CBFCB}"
EndProject
Global
	GlobalSection(SolutionConfigurationPlatforms) = preSolution
		Debug|Any CPU = Debug|Any CPU
		Release|Any CPU = Release|Any CPU
	EndGlobalSection
	GlobalSection(ProjectConfigurationPlatforms) = postSolution
		{4C0862E5-8B58-4096-8CF5-F961740CBFCB}.Debug|Any CPU.ActiveCfg = Debug|Any CPU
		{4C0862E5-8B58-4096-8CF5-F961740CBFCB}.Debug|Any CPU.Build.0 = Debug|Any CPU
		{4C0862E5-8B58-4096-8CF5-F961740CBFCB}.Release|Any CPU.ActiveCfg = Release|Any CPU
		{4C0862E5-8B58-4096-8CF5-F961740CBFCB}.Release|Any CPU.Build.0 = Release|Any CPU
	EndGlobalSection
EndGlobal
